
Microsoft Visual Studio Solution File, Format Version 12.00
# Visual Studio 2012
Project("{FAE04EC0-301F-11D3-BF4B-00C04F79EFBC}") = "InterestCalculator", "InterestCalculator\InterestCalculator.csproj", "{EAD18A5C-9E28-43BA-95D7-87A39F9A223E}"
EndProject
Project("{FAE04EC0-301F-11D3-BF4B-00C04F79EFBC}") = "AsynchronousTimer", "AsynchronousTimer\AsynchronousTimer.csproj", "{4E68E7F7-2F53-4700-AFEA-867CA48F7A1B}"
EndProject
Project("{FAE04EC0-301F-11D3-BF4B-00C04F79EFBC}") = "StudentClass", "StudentClass\StudentClass.csproj", "{514EBAC5-4FE0-4E76-A3DC-E91583D7CD14}"
EndProject
Global
	GlobalSection(SolutionConfigurationPlatforms) = preSolution
		Debug|Any CPU = Debug|Any CPU
		Release|Any CPU = Release|Any CPU
	EndGlobalSection
	GlobalSection(ProjectConfigurationPlatforms) = postSolution
		{EAD18A5C-9E28-43BA-95D7-87A39F9A223E}.Debug|Any CPU.ActiveCfg = Debug|Any CPU
		{EAD18A5C-9E28-43BA-95D7-87A39F9A223E}.Debug|Any CPU.Build.0 = Debug|Any CPU
		{EAD18A5C-9E28-43BA-95D7-87A39F9A223E}.Release|Any CPU.ActiveCfg = Release|Any CPU
		{EAD18A5C-9E28-43BA-95D7-87A39F9A223E}.Release|Any CPU.Build.0 = Release|Any CPU
		{4E68E7F7-2F53-4700-AFEA-867CA48F7A1B}.Debug|Any CPU.ActiveCfg = Debug|Any CPU
		{4E68E7F7-2F53-4700-AFEA-867CA48F7A1B}.Debug|Any CPU.Build.0 = Debug|Any CPU
		{4E68E7F7-2F53-4700-AFEA-867CA48F7A1B}.Release|Any CPU.ActiveCfg = Release|Any CPU
		{4E68E7F7-2F53-4700-AFEA-867CA48F7A1B}.Release|Any CPU.Build.0 = Release|Any CPU
		{514EBAC5-4FE0-4E76-A3DC-E91583D7CD14}.Debug|Any CPU.ActiveCfg = Debug|Any CPU
		{514EBAC5-4FE0-4E76-A3DC-E91583D7CD14}.Debug|Any CPU.Build.0 = Debug|Any CPU
		{514EBAC5-4FE0-4E76-A3DC-E91583D7CD14}.Release|Any CPU.ActiveCfg = Release|Any CPU
		{514EBAC5-4FE0-4E76-A3DC-E91583D7CD14}.Release|Any CPU.Build.0 = Release|Any CPU
	EndGlobalSection
	GlobalSection(SolutionProperties) = preSolution
		HideSolutionNode = FALSE
	EndGlobalSection
EndGlobal
