
Microsoft Visual Studio Solution File, Format Version 12.00
# Visual Studio 2012
Project("{FAE04EC0-301F-11D3-BF4B-00C04F79EFBC}") = "SquareRoot", "SquareRoot\SquareRoot.csproj", "{875D7CE5-AE73-4A85-8C0D-61D46878379F}"
EndProject
Project("{FAE04EC0-301F-11D3-BF4B-00C04F79EFBC}") = "ReadNumber", "ReadNumber\ReadNumber.csproj", "{69324680-5585-488A-A3EF-0F1E25B4B3D2}"
EndProject
Global
	GlobalSection(SolutionConfigurationPlatforms) = preSolution
		Debug|Any CPU = Debug|Any CPU
		Release|Any CPU = Release|Any CPU
	EndGlobalSection
	GlobalSection(ProjectConfigurationPlatforms) = postSolution
		{875D7CE5-AE73-4A85-8C0D-61D46878379F}.Debug|Any CPU.ActiveCfg = Debug|Any CPU
		{875D7CE5-AE73-4A85-8C0D-61D46878379F}.Debug|Any CPU.Build.0 = Debug|Any CPU
		{875D7CE5-AE73-4A85-8C0D-61D46878379F}.Release|Any CPU.ActiveCfg = Release|Any CPU
		{875D7CE5-AE73-4A85-8C0D-61D46878379F}.Release|Any CPU.Build.0 = Release|Any CPU
		{69324680-5585-488A-A3EF-0F1E25B4B3D2}.Debug|Any CPU.ActiveCfg = Debug|Any CPU
		{69324680-5585-488A-A3EF-0F1E25B4B3D2}.Debug|Any CPU.Build.0 = Debug|Any CPU
		{69324680-5585-488A-A3EF-0F1E25B4B3D2}.Release|Any CPU.ActiveCfg = Release|Any CPU
		{69324680-5585-488A-A3EF-0F1E25B4B3D2}.Release|Any CPU.Build.0 = Release|Any CPU
	EndGlobalSection
	GlobalSection(SolutionProperties) = preSolution
		HideSolutionNode = FALSE
	EndGlobalSection
EndGlobal
